
Microsoft Visual Studio Solution File, Format Version 12.00
# Visual Studio 15
VisualStudioVersion = 15.0.28307.168
MinimumVisualStudioVersion = 10.0.40219.1
Project("{FAE04EC0-301F-11D3-BF4B-00C04F79EFBC}") = "Smartfirewallruler", "Smartfirewallruler\Smartfirewallruler.csproj", "{30E430E8-2F88-4011-954E-0795619B51D2}"
EndProject
Global
	GlobalSection(SolutionConfigurationPlatforms) = preSolution
		Debug|Any CPU = Debug|Any CPU
		Release|Any CPU = Release|Any CPU
	EndGlobalSection
	GlobalSection(ProjectConfigurationPlatforms) = postSolution
		{30E430E8-2F88-4011-954E-0795619B51D2}.Debug|Any CPU.ActiveCfg = Debug|Any CPU
		{30E430E8-2F88-4011-954E-0795619B51D2}.Debug|Any CPU.Build.0 = Debug|Any CPU
		{30E430E8-2F88-4011-954E-0795619B51D2}.Release|Any CPU.ActiveCfg = Release|Any CPU
		{30E430E8-2F88-4011-954E-0795619B51D2}.Release|Any CPU.Build.0 = Release|Any CPU
	EndGlobalSection
	GlobalSection(SolutionProperties) = preSolution
		HideSolutionNode = FALSE
	EndGlobalSection
	GlobalSection(ExtensibilityGlobals) = postSolution
		SolutionGuid = {EBC2E686-450F-41FA-AA9B-69A7BD14ABC5}
	EndGlobalSection
EndGlobal
